
Microsoft Visual Studio Solution File, Format Version 12.00
Project("{FAE04EC0-301F-11D3-BF4B-00C04F79EFBC}") = "PokeCore.Auth", "PokeCore.Auth\PokeCore.Auth.csproj", "{AEB06CE8-90C4-45FC-B122-D296D8C0A9BC}"
EndProject
Project("{FAE04EC0-301F-11D3-BF4B-00C04F79EFBC}") = "PokeCore.API", "PokeCore.API\PokeCore.API.csproj", "{22C5808D-99EC-41A5-A9F3-0E79EEE1BADA}"
EndProject
Project("{FAE04EC0-301F-11D3-BF4B-00C04F79EFBC}") = "PokeCore.Program", "PokeCore.Program\PokeCore.Program.csproj", "{C3E97093-851F-4626-8B70-AC03A422E886}"
EndProject
Global
	GlobalSection(SolutionConfigurationPlatforms) = preSolution
		Debug|Any CPU = Debug|Any CPU
		Release|Any CPU = Release|Any CPU
	EndGlobalSection
	GlobalSection(ProjectConfigurationPlatforms) = postSolution
		{AEB06CE8-90C4-45FC-B122-D296D8C0A9BC}.Debug|Any CPU.ActiveCfg = Debug|Any CPU
		{AEB06CE8-90C4-45FC-B122-D296D8C0A9BC}.Debug|Any CPU.Build.0 = Debug|Any CPU
		{AEB06CE8-90C4-45FC-B122-D296D8C0A9BC}.Release|Any CPU.ActiveCfg = Release|Any CPU
		{AEB06CE8-90C4-45FC-B122-D296D8C0A9BC}.Release|Any CPU.Build.0 = Release|Any CPU
		{22C5808D-99EC-41A5-A9F3-0E79EEE1BADA}.Debug|Any CPU.ActiveCfg = Debug|Any CPU
		{22C5808D-99EC-41A5-A9F3-0E79EEE1BADA}.Debug|Any CPU.Build.0 = Debug|Any CPU
		{22C5808D-99EC-41A5-A9F3-0E79EEE1BADA}.Release|Any CPU.ActiveCfg = Release|Any CPU
		{22C5808D-99EC-41A5-A9F3-0E79EEE1BADA}.Release|Any CPU.Build.0 = Release|Any CPU
		{C3E97093-851F-4626-8B70-AC03A422E886}.Debug|Any CPU.ActiveCfg = Debug|Any CPU
		{C3E97093-851F-4626-8B70-AC03A422E886}.Debug|Any CPU.Build.0 = Debug|Any CPU
		{C3E97093-851F-4626-8B70-AC03A422E886}.Release|Any CPU.ActiveCfg = Release|Any CPU
		{C3E97093-851F-4626-8B70-AC03A422E886}.Release|Any CPU.Build.0 = Release|Any CPU
	EndGlobalSection
EndGlobal
